Microsoft Visual Studio Solution File, Format Version 12.00
# Visual Studio Version 17
VisualStudioVersion = 17.5.2.0
MinimumVisualStudioVersion = 10.0.40219.1
Project("{FAE04EC0-301F-11D3-BF4B-00C04F79EFBC}") = "Ordenes", "src\Ordenes\Ordenes.csproj", "{B7D497CE-660E-AB39-1223-75AECFDCCD5E}"
EndProject
Project("{FAE04EC0-301F-11D3-BF4B-00C04F79EFBC}") = "Productos", "src\Productos\Productos.csproj", "{8628AB4A-606E-50EC-A785-E47DFF6ECF68}"
EndProject
Project("{FAE04EC0-301F-11D3-BF4B-00C04F79EFBC}") = "Productos.Tests", "tests\Productos.Tests\Productos.Tests.csproj", "{DC3DBB8E-2778-4841-A9A2-9A2403B75CF9}"
EndProject
Global
	GlobalSection(SolutionConfigurationPlatforms) = preSolution
		Debug|Any CPU = Debug|Any CPU
		Release|Any CPU = Release|Any CPU
	EndGlobalSection
	GlobalSection(ProjectConfigurationPlatforms) = postSolution
		{B7D497CE-660E-AB39-1223-75AECFDCCD5E}.Debug|Any CPU.ActiveCfg = Debug|Any CPU
		{B7D497CE-660E-AB39-1223-75AECFDCCD5E}.Debug|Any CPU.Build.0 = Debug|Any CPU
		{B7D497CE-660E-AB39-1223-75AECFDCCD5E}.Release|Any CPU.ActiveCfg = Release|Any CPU
		{B7D497CE-660E-AB39-1223-75AECFDCCD5E}.Release|Any CPU.Build.0 = Release|Any CPU
		{8628AB4A-606E-50EC-A785-E47DFF6ECF68}.Debug|Any CPU.ActiveCfg = Debug|Any CPU
		{8628AB4A-606E-50EC-A785-E47DFF6ECF68}.Debug|Any CPU.Build.0 = Debug|Any CPU
		{8628AB4A-606E-50EC-A785-E47DFF6ECF68}.Release|Any CPU.ActiveCfg = Release|Any CPU
		{8628AB4A-606E-50EC-A785-E47DFF6ECF68}.Release|Any CPU.Build.0 = Release|Any CPU
		{DC3DBB8E-2778-4841-A9A2-9A2403B75CF9}.Debug|Any CPU.ActiveCfg = Debug|Any CPU
		{DC3DBB8E-2778-4841-A9A2-9A2403B75CF9}.Debug|Any CPU.Build.0 = Debug|Any CPU
		{DC3DBB8E-2778-4841-A9A2-9A2403B75CF9}.Release|Any CPU.ActiveCfg = Release|Any CPU
		{DC3DBB8E-2778-4841-A9A2-9A2403B75CF9}.Release|Any CPU.Build.0 = Release|Any CPU
		{D601897A-4489-4F4A-976E-DDF02A585AB6}.Debug|Any CPU.ActiveCfg = Debug|Any CPU
		{D601897A-4489-4F4A-976E-DDF02A585AB6}.Debug|Any CPU.Build.0 = Debug|Any CPU
		{D601897A-4489-4F4A-976E-DDF02A585AB6}.Release|Any CPU.ActiveCfg = Release|Any CPU
		{D601897A-4489-4F4A-976E-DDF02A585AB6}.Release|Any CPU.Build.0 = Release|Any CPU
	EndGlobalSection
	GlobalSection(SolutionProperties) = preSolution
		HideSolutionNode = FALSE
	EndGlobalSection
	GlobalSection(ExtensibilityGlobals) = postSolution
		SolutionGuid = {7B77DB52-1E8E-4BA9-AE78-CC5EACB79CA6}
	EndGlobalSection
EndGlobal
